
Microsoft Visual Studio Solution File, Format Version 12.00
# Visual Studio Version 16
VisualStudioVersion = 16.0.30104.148
MinimumVisualStudioVersion = 10.0.40219.1
Project("{FAE04EC0-301F-11D3-BF4B-00C04F79EFBC}") = "Site", "Site\Site.csproj", "{02805CBA-844D-44C7-AD6D-77F3A802535D}"
EndProject
Project("{FAE04EC0-301F-11D3-BF4B-00C04F79EFBC}") = "Admin", "..\Admin\Admin.csproj", "{4C847E3A-F68C-4395-BBD0-DA7717723607}"
EndProject
Global
	GlobalSection(SolutionConfigurationPlatforms) = preSolution
		Debug|Any CPU = Debug|Any CPU
		Release|Any CPU = Release|Any CPU
	EndGlobalSection
	GlobalSection(ProjectConfigurationPlatforms) = postSolution
		{02805CBA-844D-44C7-AD6D-77F3A802535D}.Debug|Any CPU.ActiveCfg = Debug|Any CPU
		{02805CBA-844D-44C7-AD6D-77F3A802535D}.Debug|Any CPU.Build.0 = Debug|Any CPU
		{02805CBA-844D-44C7-AD6D-77F3A802535D}.Release|Any CPU.ActiveCfg = Release|Any CPU
		{02805CBA-844D-44C7-AD6D-77F3A802535D}.Release|Any CPU.Build.0 = Release|Any CPU
		{4C847E3A-F68C-4395-BBD0-DA7717723607}.Debug|Any CPU.ActiveCfg = Debug|Any CPU
		{4C847E3A-F68C-4395-BBD0-DA7717723607}.Debug|Any CPU.Build.0 = Debug|Any CPU
		{4C847E3A-F68C-4395-BBD0-DA7717723607}.Release|Any CPU.ActiveCfg = Release|Any CPU
		{4C847E3A-F68C-4395-BBD0-DA7717723607}.Release|Any CPU.Build.0 = Release|Any CPU
	EndGlobalSection
	GlobalSection(SolutionProperties) = preSolution
		HideSolutionNode = FALSE
	EndGlobalSection
	GlobalSection(ExtensibilityGlobals) = postSolution
		SolutionGuid = {A3E9F837-3892-411D-962B-A0E86F0863A4}
	EndGlobalSection
EndGlobal
